# This file is automatically @generated by Poetry 1.6.1 and should not be changed by hand.

[[package]]
name = "colorama"
version = "0.4.6"
description = "Cross-platform colored terminal text."
optional = false
python-versions = "!=3.0.*,!=3.1.*,!=3.2.*,!=3.3.*,!=3.4.*,!=3.5.*,!=3.6.*,>=2.7"
files = [
    {file = "colorama-0.4.6-py2.py3-none-any.whl", hash = "sha256:4f1d9991f5acc0ca119f9d443620b77f9d6b33703e51011c16baf57afb285fc6"},
    {file = "colorama-0.4.6.tar.gz", hash = "sha256:08695f5cb7ed6e0531a20572697297273c47b8cae5a63ffc6d6ed5c201be6e44"},
]

[[package]]
name = "cvxpy"
version = "1.4.0"
description = "A domain-specific language for modeling convex optimization problems in Python."
optional = false
python-versions = ">=3.7"
files = []
develop = false

[package.dependencies]
ecos = ">=2"
numpy = ">=1.15"
osqp = ">=0.4.1"
pybind11 = "*"
scipy = ">=1.1.0"
scs = ">=1.1.6"

[package.extras]
cbc = ["cylp (>=0.91.5)"]
clarabel = ["clarabel"]
cvxopt = ["cvxopt"]
diffcp = ["diffcp"]
glop = ["ortools (>=9.4,<9.7)"]
glpk = ["cvxopt"]
glpk-mi = ["cvxopt"]
gurobi = ["gurobipy"]
highs = ["scipy (>=1.6.1)"]
mosek = ["Mosek"]
pdlp = ["ortools (>=9.4,<9.7)"]
piqp = ["piqp"]
proxqp = ["proxsuite"]
scip = ["PySCIPOpt"]
scipy = ["scipy"]
scs = ["setuptools (>65.5.1)"]
xpress = ["xpress"]

[package.source]
type = "git"
url = "https://github.com/cvxpy/cvxpy"
reference = "master"
resolved_reference = "1efea16bc9ea2ce551de92e05bac57de79cea3bb"

[[package]]
name = "ecos"
version = "2.0.12"
description = "This is the Python package for ECOS: Embedded Cone Solver. See Github page for more information."
optional = false
python-versions = "*"
files = [
    {file = "ecos-2.0.12-cp310-cp310-macosx_10_9_x86_64.whl", hash = "sha256:835298a299c88c207b3402fba60ad9b5688b59bbbf2ac34a46de5b37165d773a"},
    {file = "ecos-2.0.12-cp310-cp310-manylinux_2_17_x86_64.manylinux2014_x86_64.whl", hash = "sha256:608bc822ee8e070927ab3519169b13a1a0fe88f3d562212d6b5dbb1039776360"},
    {file = "ecos-2.0.12-cp310-cp310-win_amd64.whl", hash = "sha256:5184a9d8521ad1af90ffcd9902a6fa75c7bc473f37d30d86f97beda1033dfca2"},
    {file = "ecos-2.0.12-cp311-cp311-macosx_10_9_x86_64.whl", hash = "sha256:eba07599084724eedc20b2862d5580eebebb09609f4740baadc78401cb99827c"},
    {file = "ecos-2.0.12-cp311-cp311-manylinux_2_17_x86_64.manylinux2014_x86_64.whl", hash = "sha256:4979dc2d1cb6667e371a45a61887068505c1305437eef104ed6ef16f4b6aa0e3"},
    {file = "ecos-2.0.12-cp311-cp311-win_amd64.whl", hash = "sha256:da8fbbca3feb83a9e27075d29b3765417d0c80af8ea83cbdc4a558cae7b564af"},
    {file = "ecos-2.0.12-cp37-cp37m-macosx_10_9_x86_64.whl", hash = "sha256:f70e4547966f530fd7715756f7a65d5b9b90b312b9d37f243ef9356c05e7d74c"},
    {file = "ecos-2.0.12-cp37-cp37m-manylinux_2_17_x86_64.manylinux2014_x86_64.whl", hash = "sha256:617be25d74222849622b0f82b94a11abcf1fae78ccaf69977b328321ee6ffa0b"},
    {file = "ecos-2.0.12-cp37-cp37m-win_amd64.whl", hash = "sha256:29d00164eaea66ed54697a3b361c575284a8bca54f2623381a0635806c7303a7"},
    {file = "ecos-2.0.12-cp38-cp38-macosx_10_9_x86_64.whl", hash = "sha256:4e86671397d1d2cd7cccff8a9c45be0541b0c60af8b92a0ff3581c9ed869db67"},
    {file = "ecos-2.0.12-cp38-cp38-manylinux_2_17_x86_64.manylinux2014_x86_64.whl", hash = "sha256:858a4dd3177bdc8cc6e362031732f5177b62138a1e4ef91c0dc3c6bd7d2d1248"},
    {file = "ecos-2.0.12-cp38-cp38-win_amd64.whl", hash = "sha256:528b02f53835bd1baeb2e23f8153b8d6cc2b3704e1768be6a1a972f542241670"},
    {file = "ecos-2.0.12-cp39-cp39-macosx_10_9_x86_64.whl", hash = "sha256:3e42bd4c19af6e04f76ccc85d941b1f1adc7faeee4d06d482395a6beb7bec895"},
    {file = "ecos-2.0.12-cp39-cp39-manylinux_2_17_x86_64.manylinux2014_x86_64.whl", hash = "sha256:6def54336a15b5a49bc3bfcaa36035e8557cae8a4853b17ca84f5a29c93bcaea"},
    {file = "ecos-2.0.12-cp39-cp39-win_amd64.whl", hash = "sha256:7af08941552fce108bd80145cdb6be7fa74477a20bacdac170800442cc7027d4"},
    {file = "ecos-2.0.12.tar.gz", hash = "sha256:f48816d73b87ae325556ea537b7c8743187311403c80e3832035224156337c4e"},
]

[package.dependencies]
numpy = ">=1.6"
scipy = ">=0.9"

[[package]]
name = "exceptiongroup"
version = "1.1.3"
description = "Backport of PEP 654 (exception groups)"
optional = false
python-versions = ">=3.7"
files = [
    {file = "exceptiongroup-1.1.3-py3-none-any.whl", hash = "sha256:343280667a4585d195ca1cf9cef84a4e178c4b6cf2274caef9859782b567d5e3"},
    {file = "exceptiongroup-1.1.3.tar.gz", hash = "sha256:097acd85d473d75af5bb98e41b61ff7fe35efe6675e4f9370ec6ec5126d160e9"},
]

[package.extras]
test = ["pytest (>=6)"]

[[package]]
name = "iniconfig"
version = "2.0.0"
description = "brain-dead simple config-ini parsing"
optional = false
python-versions = ">=3.7"
files = [
    {file = "iniconfig-2.0.0-py3-none-any.whl", hash = "sha256:b6a85871a79d2e3b22d2d1b94ac2824226a63c6b741c88f7ae975f18b6778374"},
    {file = "iniconfig-2.0.0.tar.gz", hash = "sha256:2d91e135bf72d31a410b17c16da610a82cb55f6b0477d1a902134b24a455b8b3"},
]

[[package]]
name = "numpy"
version = "1.25.2"
description = "Fundamental package for array computing in Python"
optional = false
python-versions = ">=3.9"
files = [
    {file = "numpy-1.25.2-cp310-cp310-macosx_10_9_x86_64.whl", hash = "sha256:db3ccc4e37a6873045580d413fe79b68e47a681af8db2e046f1dacfa11f86eb3"},
    {file = "numpy-1.25.2-cp310-cp310-macosx_11_0_arm64.whl", hash = "sha256:90319e4f002795ccfc9050110bbbaa16c944b1c37c0baeea43c5fb881693ae1f"},
    {file = "numpy-1.25.2-cp310-cp310-manylinux_2_17_aarch64.manylinux2014_aarch64.whl", hash = "sha256:dfe4a913e29b418d096e696ddd422d8a5d13ffba4ea91f9f60440a3b759b0187"},
    {file = "numpy-1.25.2-cp310-cp310-manylinux_2_17_x86_64.manylinux2014_x86_64.whl", hash = "sha256:f08f2e037bba04e707eebf4bc934f1972a315c883a9e0ebfa8a7756eabf9e357"},
    {file = "numpy-1.25.2-cp310-cp310-musllinux_1_1_x86_64.whl", hash = "sha256:bec1e7213c7cb00d67093247f8c4db156fd03075f49876957dca4711306d39c9"},
    {file = "numpy-1.25.2-cp310-cp310-win32.whl", hash = "sha256:7dc869c0c75988e1c693d0e2d5b26034644399dd929bc049db55395b1379e044"},
    {file = "numpy-1.25.2-cp310-cp310-win_amd64.whl", hash = "sha256:834b386f2b8210dca38c71a6e0f4fd6922f7d3fcff935dbe3a570945acb1b545"},
    {file = "numpy-1.25.2-cp311-cp311-macosx_10_9_x86_64.whl", hash = "sha256:c5462d19336db4560041517dbb7759c21d181a67cb01b36ca109b2ae37d32418"},
    {file = "numpy-1.25.2-cp311-cp311-macosx_11_0_arm64.whl", hash = "sha256:c5652ea24d33585ea39eb6a6a15dac87a1206a692719ff45d53c5282e66d4a8f"},
    {file = "numpy-1.25.2-cp311-cp311-manylinux_2_17_aarch64.manylinux2014_aarch64.whl", hash = "sha256:0d60fbae8e0019865fc4784745814cff1c421df5afee233db6d88ab4f14655a2"},
    {file = "numpy-1.25.2-cp311-cp311-manylinux_2_17_x86_64.manylinux2014_x86_64.whl", hash = "sha256:60e7f0f7f6d0eee8364b9a6304c2845b9c491ac706048c7e8cf47b83123b8dbf"},
    {file = "numpy-1.25.2-cp311-cp311-musllinux_1_1_x86_64.whl", hash = "sha256:bb33d5a1cf360304754913a350edda36d5b8c5331a8237268c48f91253c3a364"},
    {file = "numpy-1.25.2-cp311-cp311-win32.whl", hash = "sha256:5883c06bb92f2e6c8181df7b39971a5fb436288db58b5a1c3967702d4278691d"},
    {file = "numpy-1.25.2-cp311-cp311-win_amd64.whl", hash = "sha256:5c97325a0ba6f9d041feb9390924614b60b99209a71a69c876f71052521d42a4"},
    {file = "numpy-1.25.2-cp39-cp39-macosx_10_9_x86_64.whl", hash = "sha256:b79e513d7aac42ae918db3ad1341a015488530d0bb2a6abcbdd10a3a829ccfd3"},
    {file = "numpy-1.25.2-cp39-cp39-macosx_11_0_arm64.whl", hash = "sha256:eb942bfb6f84df5ce05dbf4b46673ffed0d3da59f13635ea9b926af3deb76926"},
    {file = "numpy-1.25.2-cp39-cp39-manylinux_2_17_aarch64.manylinux2014_aarch64.whl", hash = "sha256:3e0746410e73384e70d286f93abf2520035250aad8c5714240b0492a7302fdca"},
    {file = "numpy-1.25.2-cp39-cp39-manylinux_2_17_x86_64.manylinux2014_x86_64.whl", hash = "sha256:d7806500e4f5bdd04095e849265e55de20d8cc4b661b038957354327f6d9b295"},
    {file = "numpy-1.25.2-cp39-cp39-musllinux_1_1_x86_64.whl", hash = "sha256:8b77775f4b7df768967a7c8b3567e309f617dd5e99aeb886fa14dc1a0791141f"},
    {file = "numpy-1.25.2-cp39-cp39-win32.whl", hash = "sha256:2792d23d62ec51e50ce4d4b7d73de8f67a2fd3ea710dcbc8563a51a03fb07b01"},
    {file = "numpy-1.25.2-cp39-cp39-win_amd64.whl", hash = "sha256:76b4115d42a7dfc5d485d358728cdd8719be33cc5ec6ec08632a5d6fca2ed380"},
    {file = "numpy-1.25.2-pp39-pypy39_pp73-macosx_10_9_x86_64.whl", hash = "sha256:1a1329e26f46230bf77b02cc19e900db9b52f398d6722ca853349a782d4cff55"},
    {file = "numpy-1.25.2-pp39-pypy39_pp73-manylinux_2_17_x86_64.manylinux2014_x86_64.whl", hash = "sha256:4c3abc71e8b6edba80a01a52e66d83c5d14433cbcd26a40c329ec7ed09f37901"},
    {file = "numpy-1.25.2-pp39-pypy39_pp73-win_amd64.whl", hash = "sha256:1b9735c27cea5d995496f46a8b1cd7b408b3f34b6d50459d9ac8fe3a20cc17bf"},
    {file = "numpy-1.25.2.tar.gz", hash = "sha256:fd608e19c8d7c55021dffd43bfe5492fab8cc105cc8986f813f8c3c048b38760"},
]

[[package]]
name = "osqp"
version = "0.6.3"
description = "OSQP: The Operator Splitting QP Solver"
optional = false
python-versions = "*"
files = [
    {file = "osqp-0.6.3-cp310-cp310-macosx_10_9_x86_64.whl", hash = "sha256:e6b7d923c836f1d07115057e595245ccc1694ecae730a1affda78fc6f3c8d239"},
    {file = "osqp-0.6.3-cp310-cp310-manylinux_2_17_aarch64.manylinux2014_aarch64.whl", hash = "sha256:e1dfda08c38c3521012740a73ef782f97dfc54a41deae4b0bc4afd18d0e74da0"},
    {file = "osqp-0.6.3-cp310-cp310-manylinux_2_5_x86_64.manylinux1_x86_64.manylinux_2_17_x86_64.manylinux2014_x86_64.whl", hash = "sha256:7eafa3f3e82dd36c52f3f4ef19a95142405c807c272c4b53c5971c53535d7804"},
    {file = "osqp-0.6.3-cp310-cp310-win_amd64.whl", hash = "sha256:3cbb6efdaffb7387dc0037dfe3259d4803e5ad7217e6f20fb605c92953214b9d"},
    {file = "osqp-0.6.3-cp311-cp311-macosx_10_9_x86_64.whl", hash = "sha256:1b2049b2c42565dcaa63ddca1c4028b1fb20aab141453f5d77e8ff5b1a99a2cf"},
    {file = "osqp-0.6.3-cp311-cp311-manylinux_2_17_aarch64.manylinux2014_aarch64.whl", hash = "sha256:146b89f2cfbf59eaeb2c47e3a312f2034138df78d80ce052364810dc0ef70fc4"},
    {file = "osqp-0.6.3-cp311-cp311-manylinux_2_5_x86_64.manylinux1_x86_64.manylinux_2_17_x86_64.manylinux2014_x86_64.whl", hash = "sha256:0084e3d733c75687d68bc133bc380ce471dfe6f7724af2718a43491782eec8d6"},
    {file = "osqp-0.6.3-cp311-cp311-win_amd64.whl", hash = "sha256:1b573fe1cd0e82239a279c58817c1d365187ef862e928b2b9c828c3c516ad3c2"},
    {file = "osqp-0.6.3-cp36-cp36m-macosx_10_9_x86_64.whl", hash = "sha256:6c3951ef505177b858c6cd34de980346014cae3d2234c93db960b12c5885f9a2"},
    {file = "osqp-0.6.3-cp36-cp36m-manylinux_2_17_aarch64.manylinux2014_aarch64.whl", hash = "sha256:dc18f87c9549032c163ce590a5e32079df94ee656c8fb357ba607aa9d78fab81"},
    {file = "osqp-0.6.3-cp36-cp36m-manylinux_2_5_x86_64.manylinux1_x86_64.manylinux_2_17_x86_64.manylinux2014_x86_64.whl", hash = "sha256:c07b1a4b538aab629b0fae69f644b7e76f81f94d65230014d482e296dacd046b"},
    {file = "osqp-0.6.3-cp36-cp36m-win_amd64.whl", hash = "sha256:60abec3593870990b16f00bd5017096a7091fb00b68d0db3383fc048ca8e55c9"},
    {file = "osqp-0.6.3-cp37-cp37m-macosx_10_9_x86_64.whl", hash = "sha256:b73bdd9589901841af83c5ed6a4092b4fac5a0beff9e32682d8526d1f16a728c"},
    {file = "osqp-0.6.3-cp37-cp37m-manylinux_2_17_aarch64.manylinux2014_aarch64.whl", hash = "sha256:71d9f611823af4a8b241c86805920e5382cd65c7f94fd3615b4eef999ed94c7c"},
    {file = "osqp-0.6.3-cp37-cp37m-manylinux_2_5_x86_64.manylinux1_x86_64.manylinux_2_17_x86_64.manylinux2014_x86_64.whl", hash = "sha256:30fbc3b3c028c06a6c5f1e66be7b7106ad48a29e0dc5bd82393f82dd68235ef8"},
    {file = "osqp-0.6.3-cp37-cp37m-win_amd64.whl", hash = "sha256:fe57e4bde071b388518ecb068f26319506dd9cb107363d3d80c12d2e59fc1e81"},
    {file = "osqp-0.6.3-cp38-cp38-macosx_10_9_x86_64.whl", hash = "sha256:41f304d1d7f91af07d8f0b01e5af29ec3bb8824f0102c7fd8b13b497be120da4"},
    {file = "osqp-0.6.3-cp38-cp38-manylinux_2_17_aarch64.manylinux2014_aarch64.whl", hash = "sha256:ea7d8c92bcdf4fef98d777f13d39060d425ef2e8778ed487c96a6fa10848cdea"},
    {file = "osqp-0.6.3-cp38-cp38-manylinux_2_5_x86_64.manylinux1_x86_64.manylinux_2_17_x86_64.manylinux2014_x86_64.whl", hash = "sha256:3f3a3c6d2708868e5e3fe2da300d6523cbf68a3d8734ce9c5043db37391969f5"},
    {file = "osqp-0.6.3-cp38-cp38-win_amd64.whl", hash = "sha256:1c548a0b3691850e7e22f3624a128d8af33416d70a9b5976a47d4d832028dcd8"},
    {file = "osqp-0.6.3-cp39-cp39-macosx_10_9_x86_64.whl", hash = "sha256:387e7abd737dfe32c9ec00ad74af25328cdd0d0f634d79530655c040a5cb9590"},
    {file = "osqp-0.6.3-cp39-cp39-manylinux_2_17_aarch64.manylinux2014_aarch64.whl", hash = "sha256:e1445e10a94e01698e13c87a7debf6ac1a15f3acd1f8f6340cb1ad945db4732b"},
    {file = "osqp-0.6.3-cp39-cp39-manylinux_2_5_x86_64.manylinux1_x86_64.manylinux_2_17_x86_64.manylinux2014_x86_64.whl", hash = "sha256:0441c10f7fe5f46692a9b44a57138977bb112ae3f8127151671968c5d9ec5dbb"},
    {file = "osqp-0.6.3-cp39-cp39-win_amd64.whl", hash = "sha256:b15e65a307fbbabf60248bb9bc204e61d5d4ae64e00427a69e2dad9622f4c29d"},
    {file = "osqp-0.6.3.tar.gz", hash = "sha256:03e460e683ec2ce0f839353ddfa3c4c8ffa509ab8cf6a2b2afbb586fa453e180"},
]

[package.dependencies]
numpy = ">=1.7"
qdldl = "*"
scipy = ">=0.13.2"

[[package]]
name = "packaging"
version = "23.1"
description = "Core utilities for Python packages"
optional = false
python-versions = ">=3.7"
files = [
    {file = "packaging-23.1-py3-none-any.whl", hash = "sha256:994793af429502c4ea2ebf6bf664629d07c1a9fe974af92966e4b8d2df7edc61"},
    {file = "packaging-23.1.tar.gz", hash = "sha256:a392980d2b6cffa644431898be54b0045151319d1e7ec34f0cfed48767dd334f"},
]

[[package]]
name = "pandas"
version = "2.1.0"
description = "Powerful data structures for data analysis, time series, and statistics"
optional = false
python-versions = ">=3.9"
files = [
    {file = "pandas-2.1.0-cp310-cp310-macosx_10_9_x86_64.whl", hash = "sha256:40dd20439ff94f1b2ed55b393ecee9cb6f3b08104c2c40b0cb7186a2f0046242"},
    {file = "pandas-2.1.0-cp310-cp310-macosx_11_0_arm64.whl", hash = "sha256:d4f38e4fedeba580285eaac7ede4f686c6701a9e618d8a857b138a126d067f2f"},
    {file = "pandas-2.1.0-cp310-cp310-manylinux_2_17_aarch64.manylinux2014_aarch64.whl", hash = "sha256:6e6a0fe052cf27ceb29be9429428b4918f3740e37ff185658f40d8702f0b3e09"},
    {file = "pandas-2.1.0-cp310-cp310-manylinux_2_17_x86_64.manylinux2014_x86_64.whl", hash = "sha256:9d81e1813191070440d4c7a413cb673052b3b4a984ffd86b8dd468c45742d3cc"},
    {file = "pandas-2.1.0-cp310-cp310-musllinux_1_1_x86_64.whl", hash = "sha256:eb20252720b1cc1b7d0b2879ffc7e0542dd568f24d7c4b2347cb035206936421"},
    {file = "pandas-2.1.0-cp310-cp310-win_amd64.whl", hash = "sha256:38f74ef7ebc0ffb43b3d633e23d74882bce7e27bfa09607f3c5d3e03ffd9a4a5"},
    {file = "pandas-2.1.0-cp311-cp311-macosx_10_9_x86_64.whl", hash = "sha256:cda72cc8c4761c8f1d97b169661f23a86b16fdb240bdc341173aee17e4d6cedd"},
    {file = "pandas-2.1.0-cp311-cp311-macosx_11_0_arm64.whl", hash = "sha256:d97daeac0db8c993420b10da4f5f5b39b01fc9ca689a17844e07c0a35ac96b4b"},
    {file = "pandas-2.1.0-cp311-cp311-manylinux_2_17_aarch64.manylinux2014_aarch64.whl", hash = "sha256:d8c58b1113892e0c8078f006a167cc210a92bdae23322bb4614f2f0b7a4b510f"},
    {file = "pandas-2.1.0-cp311-cp311-manylinux_2_17_x86_64.manylinux2014_x86_64.whl", hash = "sha256:629124923bcf798965b054a540f9ccdfd60f71361255c81fa1ecd94a904b9dd3"},
    {file = "pandas-2.1.0-cp311-cp311-musllinux_1_1_x86_64.whl", hash = "sha256:70cf866af3ab346a10debba8ea78077cf3a8cd14bd5e4bed3d41555a3280041c"},
    {file = "pandas-2.1.0-cp311-cp311-win_amd64.whl", hash = "sha256:d53c8c1001f6a192ff1de1efe03b31a423d0eee2e9e855e69d004308e046e694"},
    {file = "pandas-2.1.0-cp39-cp39-macosx_10_9_x86_64.whl", hash = "sha256:86f100b3876b8c6d1a2c66207288ead435dc71041ee4aea789e55ef0e06408cb"},
    {file = "pandas-2.1.0-cp39-cp39-macosx_11_0_arm64.whl", hash = "sha256:28f330845ad21c11db51e02d8d69acc9035edfd1116926ff7245c7215db57957"},
    {file = "pandas-2.1.0-cp39-cp39-manylinux_2_17_aarch64.manylinux2014_aarch64.whl", hash = "sha256:b9a6ccf0963db88f9b12df6720e55f337447aea217f426a22d71f4213a3099a6"},
    {file = "pandas-2.1.0-cp39-cp39-manylinux_2_17_x86_64.manylinux2014_x86_64.whl", hash = "sha256:d99e678180bc59b0c9443314297bddce4ad35727a1a2656dbe585fd78710b3b9"},
    {file = "pandas-2.1.0-cp39-cp39-musllinux_1_1_x86_64.whl", hash = "sha256:b31da36d376d50a1a492efb18097b9101bdbd8b3fbb3f49006e02d4495d4c644"},
    {file = "pandas-2.1.0-cp39-cp39-win_amd64.whl", hash = "sha256:0164b85937707ec7f70b34a6c3a578dbf0f50787f910f21ca3b26a7fd3363437"},
    {file = "pandas-2.1.0.tar.gz", hash = "sha256:62c24c7fc59e42b775ce0679cfa7b14a5f9bfb7643cfbe708c960699e05fb918"},
]

[package.dependencies]
numpy = [
    {version = ">=1.22.4", markers = "python_version < \"3.11\""},
    {version = ">=1.23.2", markers = "python_version >= \"3.11\""},
]
python-dateutil = ">=2.8.2"
pytz = ">=2020.1"
tzdata = ">=2022.1"

[package.extras]
all = ["PyQt5 (>=5.15.6)", "SQLAlchemy (>=1.4.36)", "beautifulsoup4 (>=4.11.1)", "bottleneck (>=1.3.4)", "dataframe-api-compat (>=0.1.7)", "fastparquet (>=0.8.1)", "fsspec (>=2022.05.0)", "gcsfs (>=2022.05.0)", "html5lib (>=1.1)", "hypothesis (>=6.46.1)", "jinja2 (>=3.1.2)", "lxml (>=4.8.0)", "matplotlib (>=3.6.1)", "numba (>=0.55.2)", "numexpr (>=2.8.0)", "odfpy (>=1.4.1)", "openpyxl (>=3.0.10)", "pandas-gbq (>=0.17.5)", "psycopg2 (>=2.9.3)", "pyarrow (>=7.0.0)", "pymysql (>=1.0.2)", "pyreadstat (>=1.1.5)", "pytest (>=7.3.2)", "pytest-asyncio (>=0.17.0)", "pytest-xdist (>=2.2.0)", "pyxlsb (>=1.0.9)", "qtpy (>=2.2.0)", "s3fs (>=2022.05.0)", "scipy (>=1.8.1)", "tables (>=3.7.0)", "tabulate (>=0.8.10)", "xarray (>=2022.03.0)", "xlrd (>=2.0.1)", "xlsxwriter (>=3.0.3)", "zstandard (>=0.17.0)"]
aws = ["s3fs (>=2022.05.0)"]
clipboard = ["PyQt5 (>=5.15.6)", "qtpy (>=2.2.0)"]
compression = ["zstandard (>=0.17.0)"]
computation = ["scipy (>=1.8.1)", "xarray (>=2022.03.0)"]
consortium-standard = ["dataframe-api-compat (>=0.1.7)"]
excel = ["odfpy (>=1.4.1)", "openpyxl (>=3.0.10)", "pyxlsb (>=1.0.9)", "xlrd (>=2.0.1)", "xlsxwriter (>=3.0.3)"]
feather = ["pyarrow (>=7.0.0)"]
fss = ["fsspec (>=2022.05.0)"]
gcp = ["gcsfs (>=2022.05.0)", "pandas-gbq (>=0.17.5)"]
hdf5 = ["tables (>=3.7.0)"]
html = ["beautifulsoup4 (>=4.11.1)", "html5lib (>=1.1)", "lxml (>=4.8.0)"]
mysql = ["SQLAlchemy (>=1.4.36)", "pymysql (>=1.0.2)"]
output-formatting = ["jinja2 (>=3.1.2)", "tabulate (>=0.8.10)"]
parquet = ["pyarrow (>=7.0.0)"]
performance = ["bottleneck (>=1.3.4)", "numba (>=0.55.2)", "numexpr (>=2.8.0)"]
plot = ["matplotlib (>=3.6.1)"]
postgresql = ["SQLAlchemy (>=1.4.36)", "psycopg2 (>=2.9.3)"]
spss = ["pyreadstat (>=1.1.5)"]
sql-other = ["SQLAlchemy (>=1.4.36)"]
test = ["hypothesis (>=6.46.1)", "pytest (>=7.3.2)", "pytest-asyncio (>=0.17.0)", "pytest-xdist (>=2.2.0)"]
xml = ["lxml (>=4.8.0)"]

[[package]]
name = "pluggy"
version = "1.3.0"
description = "plugin and hook calling mechanisms for python"
optional = false
python-versions = ">=3.8"
files = [
    {file = "pluggy-1.3.0-py3-none-any.whl", hash = "sha256:d89c696a773f8bd377d18e5ecda92b7a3793cbe66c87060a6fb58c7b6e1061f7"},
    {file = "pluggy-1.3.0.tar.gz", hash = "sha256:cf61ae8f126ac6f7c451172cf30e3e43d3ca77615509771b3a984a0730651e12"},
]

[package.extras]
dev = ["pre-commit", "tox"]
testing = ["pytest", "pytest-benchmark"]

[[package]]
name = "pybind11"
version = "2.11.1"
description = "Seamless operability between C++11 and Python"
optional = false
python-versions = ">=3.6"
files = [
    {file = "pybind11-2.11.1-py3-none-any.whl", hash = "sha256:33cdd02a6453380dd71cc70357ce388ad1ee8d32bd0e38fc22b273d050aa29b3"},
    {file = "pybind11-2.11.1.tar.gz", hash = "sha256:00cd59116a6e8155aecd9174f37ba299d1d397ed4a6b86ac1dfe01b3e40f2cc4"},
]

[package.extras]
global = ["pybind11-global (==2.11.1)"]

[[package]]
name = "pytest"
version = "7.4.2"
description = "pytest: simple powerful testing with Python"
optional = false
python-versions = ">=3.7"
files = [
    {file = "pytest-7.4.2-py3-none-any.whl", hash = "sha256:1d881c6124e08ff0a1bb75ba3ec0bfd8b5354a01c194ddd5a0a870a48d99b002"},
    {file = "pytest-7.4.2.tar.gz", hash = "sha256:a766259cfab564a2ad52cb1aae1b881a75c3eb7e34ca3779697c23ed47c47069"},
]

[package.dependencies]
colorama = {version = "*", markers = "sys_platform == \"win32\""}
exceptiongroup = {version = ">=1.0.0rc8", markers = "python_version < \"3.11\""}
iniconfig = "*"
packaging = "*"
pluggy = ">=0.12,<2.0"
tomli = {version = ">=1.0.0", markers = "python_version < \"3.11\""}

[package.extras]
testing = ["argcomplete", "attrs (>=19.2.0)", "hypothesis (>=3.56)", "mock", "nose", "pygments (>=2.7.2)", "requests", "setuptools", "xmlschema"]

[[package]]
name = "python-dateutil"
version = "2.8.2"
description = "Extensions to the standard Python datetime module"
optional = false
python-versions = "!=3.0.*,!=3.1.*,!=3.2.*,>=2.7"
files = [
    {file = "python-dateutil-2.8.2.tar.gz", hash = "sha256:0123cacc1627ae19ddf3c27a5de5bd67ee4586fbdd6440d9748f8abb483d3e86"},
    {file = "python_dateutil-2.8.2-py2.py3-none-any.whl", hash = "sha256:961d03dc3453ebbc59dbdea9e4e11c5651520a876d0f4db161e8674aae935da9"},
]

[package.dependencies]
six = ">=1.5"

[[package]]
name = "pytz"
version = "2023.3.post1"
description = "World timezone definitions, modern and historical"
optional = false
python-versions = "*"
files = [
    {file = "pytz-2023.3.post1-py2.py3-none-any.whl", hash = "sha256:ce42d816b81b68506614c11e8937d3aa9e41007ceb50bfdcb0749b921bf646c7"},
    {file = "pytz-2023.3.post1.tar.gz", hash = "sha256:7b4fddbeb94a1eba4b557da24f19fdf9db575192544270a9101d8509f9f43d7b"},
]

[[package]]
name = "qdldl"
version = "0.1.7.post0"
description = "QDLDL, a free LDL factorization routine."
optional = false
python-versions = "*"
files = [
    {file = "qdldl-0.1.7.post0-cp310-cp310-macosx_10_9_x86_64.whl", hash = "sha256:8ab02e8b9ff86bd644a1935718387c82fbe04c31e3309cf9f7a121d02b1deda8"},
    {file = "qdldl-0.1.7.post0-cp310-cp310-manylinux_2_17_x86_64.manylinux2014_x86_64.whl", hash = "sha256:40e5d6753310377451ed4dc09b1ef28faf40108b713e7f55c8a8ae94d679a672"},
    {file = "qdldl-0.1.7.post0-cp310-cp310-win_amd64.whl", hash = "sha256:718d8e141832e96ba71ca1807a74813836c6403110faaa3d33a67de1af3b29c4"},
    {file = "qdldl-0.1.7.post0-cp311-cp311-macosx_10_9_x86_64.whl", hash = "sha256:0e3f06e8a49ddd834b24fc3d7afbba4fec0923101045aa2666e18d2a9980e329"},
    {file = "qdldl-0.1.7.post0-cp311-cp311-manylinux_2_17_x86_64.manylinux2014_x86_64.whl", hash = "sha256:3a81c46522dd6b3042e2348fa98128bb5c0e466f42bce214e80cfb766ff40930"},
    {file = "qdldl-0.1.7.post0-cp311-cp311-win_amd64.whl", hash = "sha256:4a86155f3de66c5db0e21544b7a2421c671028fa20da407686d2a8d0e9b57e51"},
    {file = "qdldl-0.1.7.post0-cp36-cp36m-macosx_10_9_x86_64.whl", hash = "sha256:717cb1892b033c01a0aae84ededcfa1f05bcb97013095d779c497e6c32f90dac"},
    {file = "qdldl-0.1.7.post0-cp36-cp36m-manylinux_2_17_x86_64.manylinux2014_x86_64.whl", hash = "sha256:8fc35432913085d94b2327242cf51388467ef7a37ac0d71eb31b594b575dd498"},
    {file = "qdldl-0.1.7.post0-cp36-cp36m-win_amd64.whl", hash = "sha256:fd5cfd8c50f33ddacb830594a63b8c1093a24aea45312b9d2ed826cea5ece08a"},
    {file = "qdldl-0.1.7.post0-cp37-cp37m-macosx_10_9_x86_64.whl", hash = "sha256:981ca8672e9506976c663552c1eb6f6daf9726d62650b3bf5900260946156166"},
    {file = "qdldl-0.1.7.post0-cp37-cp37m-manylinux_2_17_x86_64.manylinux2014_x86_64.whl", hash = "sha256:b8ec670d97cf756f9159dc0a11de5cf054e88aefe84bea1c7282f00334642843"},
    {file = "qdldl-0.1.7.post0-cp37-cp37m-win_amd64.whl", hash = "sha256:aa208703b44337a7e77f6f2663f7a452144becb4421970d534ff8297b92e1e10"},
    {file = "qdldl-0.1.7.post0-cp38-cp38-macosx_10_9_x86_64.whl", hash = "sha256:b42649484f7c0d8ee659224ecaac0a3e97f12531018207f4d7323e4071320eb1"},
    {file = "qdldl-0.1.7.post0-cp38-cp38-manylinux_2_17_x86_64.manylinux2014_x86_64.whl", hash = "sha256:26aa3d6f0da7779265d72e8f418094003e75fa53c515a53bc03fd8b9bcfbf7de"},
    {file = "qdldl-0.1.7.post0-cp38-cp38-win_amd64.whl", hash = "sha256:e55bcd6962178029faf543addd49db145302dd51e19855fefa71b5fd55840eea"},
    {file = "qdldl-0.1.7.post0-cp39-cp39-macosx_10_9_x86_64.whl", hash = "sha256:c1dd0e570e65aaf35e10b7fb345f7ac763fd05a2227b9c06ce65e07993fc4984"},
    {file = "qdldl-0.1.7.post0-cp39-cp39-manylinux_2_17_x86_64.manylinux2014_x86_64.whl", hash = "sha256:ae161342529852b6248ace4642bc4ee371a7c1e0707b7bc43a43ef7e73c06ca3"},
    {file = "qdldl-0.1.7.post0-cp39-cp39-win_amd64.whl", hash = "sha256:092f6606690a2b9bd3c939f3147887e02de13bb068fbed5ffdc7459034def623"},
    {file = "qdldl-0.1.7.post0.tar.gz", hash = "sha256:f346a114c8342ee6d4dbd6471eef314199fb268d3bf7b95885ca351fde2b023f"},
]

[package.dependencies]
numpy = ">=1.7"
scipy = ">=0.13.2"

[[package]]
name = "scipy"
version = "1.11.2"
description = "Fundamental algorithms for scientific computing in Python"
optional = false
python-versions = "<3.13,>=3.9"
files = [
    {file = "scipy-1.11.2-cp310-cp310-macosx_10_9_x86_64.whl", hash = "sha256:2b997a5369e2d30c97995dcb29d638701f8000d04df01b8e947f206e5d0ac788"},
    {file = "scipy-1.11.2-cp310-cp310-macosx_12_0_arm64.whl", hash = "sha256:95763fbda1206bec41157582bea482f50eb3702c85fffcf6d24394b071c0e87a"},
    {file = "scipy-1.11.2-cp310-cp310-manylinux_2_17_aarch64.manylinux2014_aarch64.whl", hash = "sha256:e367904a0fec76433bf3fbf3e85bf60dae8e9e585ffd21898ab1085a29a04d16"},
    {file = "scipy-1.11.2-cp310-cp310-manylinux_2_17_x86_64.manylinux2014_x86_64.whl", hash = "sha256:d690e1ca993c8f7ede6d22e5637541217fc6a4d3f78b3672a6fe454dbb7eb9a7"},
    {file = "scipy-1.11.2-cp310-cp310-musllinux_1_1_x86_64.whl", hash = "sha256:d2b813bfbe8dec6a75164523de650bad41f4405d35b0fa24c2c28ae07fcefb20"},
    {file = "scipy-1.11.2-cp310-cp310-win_amd64.whl", hash = "sha256:afdb0d983f6135d50770dd979df50bf1c7f58b5b33e0eb8cf5c73c70600eae1d"},
    {file = "scipy-1.11.2-cp311-cp311-macosx_10_9_x86_64.whl", hash = "sha256:8d9886f44ef8c9e776cb7527fb01455bf4f4a46c455c4682edc2c2cc8cd78562"},
    {file = "scipy-1.11.2-cp311-cp311-macosx_12_0_arm64.whl", hash = "sha256:1342ca385c673208f32472830c10110a9dcd053cf0c4b7d4cd7026d0335a6c1d"},
    {file = "scipy-1.11.2-cp311-cp311-manylinux_2_17_aarch64.manylinux2014_aarch64.whl", hash = "sha256:b133f237bd8ba73bad51bc12eb4f2d84cbec999753bf25ba58235e9fc2096d80"},
    {file = "scipy-1.11.2-cp311-cp311-manylinux_2_17_x86_64.manylinux2014_x86_64.whl", hash = "sha256:3aeb87661de987f8ec56fa6950863994cd427209158255a389fc5aea51fa7055"},
    {file = "scipy-1.11.2-cp311-cp311-musllinux_1_1_x86_64.whl", hash = "sha256:90d3b1364e751d8214e325c371f0ee0dd38419268bf4888b2ae1040a6b266b2a"},
    {file = "scipy-1.11.2-cp311-cp311-win_amd64.whl", hash = "sha256:f73102f769ee06041a3aa26b5841359b1a93cc364ce45609657751795e8f4a4a"},
    {file = "scipy-1.11.2-cp312-cp312-macosx_10_9_x86_64.whl", hash = "sha256:fa4909c6c20c3d91480533cddbc0e7c6d849e7d9ded692918c76ce5964997898"},
    {file = "scipy-1.11.2-cp312-cp312-macosx_12_0_arm64.whl", hash = "sha256:ac74b1512d38718fb6a491c439aa7b3605b96b1ed3be6599c17d49d6c60fca18"},
    {file = "scipy-1.11.2-cp312-cp312-manylinux_2_17_aarch64.manylinux2014_aarch64.whl", hash = "sha256:b8425fa963a32936c9773ee3ce44a765d8ff67eed5f4ac81dc1e4a819a238ee9"},
    {file = "scipy-1.11.2-cp312-cp312-manylinux_2_17_x86_64.manylinux2014_x86_64.whl", hash = "sha256:542a757e2a6ec409e71df3d8fd20127afbbacb1c07990cb23c5870c13953d899"},
    {file = "scipy-1.11.2-cp312-cp312-musllinux_1_1_x86_64.whl", hash = "sha256:ea932570b1c2a30edafca922345854ff2cd20d43cd9123b6dacfdecebfc1a80b"},
    {file = "scipy-1.11.2-cp312-cp312-win_amd64.whl", hash = "sha256:4447ad057d7597476f9862ecbd9285bbf13ba9d73ce25acfa4e4b11c6801b4c9"},
    {file = "scipy-1.11.2-cp39-cp39-macosx_10_9_x86_64.whl", hash = "sha256:b0620240ef445b5ddde52460e6bc3483b7c9c750275369379e5f609a1050911c"},
    {file = "scipy-1.11.2-cp39-cp39-macosx_12_0_arm64.whl", hash = "sha256:f28f1f6cfeb48339c192efc6275749b2a25a7e49c4d8369a28b6591da02fbc9a"},
    {file = "scipy-1.11.2-cp39-cp39-manylinux_2_17_aarch64.manylinux2014_aarch64.whl", hash = "sha256:214cdf04bbae7a54784f8431f976704ed607c4bc69ba0d5d5d6a9df84374df76"},
    {file = "scipy-1.11.2-cp39-cp39-manylinux_2_17_x86_64.manylinux2014_x86_64.whl", hash = "sha256:10eb6af2f751aa3424762948e5352f707b0dece77288206f227864ddf675aca0"},
    {file = "scipy-1.11.2-cp39-cp39-musllinux_1_1_x86_64.whl", hash = "sha256:0f3261f14b767b316d7137c66cc4f33a80ea05841b9c87ad83a726205b901423"},
    {file = "scipy-1.11.2-cp39-cp39-win_amd64.whl", hash = "sha256:2c91cf049ffb5575917f2a01da1da082fd24ed48120d08a6e7297dfcac771dcd"},
    {file = "scipy-1.11.2.tar.gz", hash = "sha256:b29318a5e39bd200ca4381d80b065cdf3076c7d7281c5e36569e99273867f61d"},
]

[package.dependencies]
numpy = ">=1.21.6,<1.28.0"

[package.extras]
dev = ["click", "cython-lint (>=0.12.2)", "doit (>=0.36.0)", "mypy", "pycodestyle", "pydevtool", "rich-click", "ruff", "types-psutil", "typing_extensions"]
doc = ["jupytext", "matplotlib (>2)", "myst-nb", "numpydoc", "pooch", "pydata-sphinx-theme (==0.9.0)", "sphinx (!=4.1.0)", "sphinx-design (>=0.2.0)"]
test = ["asv", "gmpy2", "mpmath", "pooch", "pytest", "pytest-cov", "pytest-timeout", "pytest-xdist", "scikit-umfpack", "threadpoolctl"]

[[package]]
name = "scs"
version = "3.2.3"
description = "scs: splitting conic solver"
optional = false
python-versions = "*"
files = [
    {file = "scs-3.2.3-cp310-cp310-macosx_10_9_x86_64.whl", hash = "sha256:9d7f7fd2d2cd88938c159b15e8915d9536610e50a9c34ecf36ce0290807afe55"},
    {file = "scs-3.2.3-cp310-cp310-manylinux_2_17_x86_64.manylinux2014_x86_64.whl", hash = "sha256:368194620918301bf5309a35a7cd0444f1b1992b182c0a29033c26eb97b3dcb2"},
    {file = "scs-3.2.3-cp310-cp310-win_amd64.whl", hash = "sha256:2d835a74c283be73bff6e1978d3ae77a60d9e87db1fdd12916464fa2a1dda517"},
    {file = "scs-3.2.3-cp311-cp311-macosx_10_9_x86_64.whl", hash = "sha256:81511fda3254c0d29089443dcd2305e81d203509e4d77afd160e9174b15ad75a"},
    {file = "scs-3.2.3-cp311-cp311-manylinux_2_17_x86_64.manylinux2014_x86_64.whl", hash = "sha256:715ca4532de39b462bd393f9e8b4bf57be4122e20f0780d00db3cab1450a585d"},
    {file = "scs-3.2.3-cp311-cp311-win_amd64.whl", hash = "sha256:fcf4b985a787135b3e83682a4c5b9bce9c6290cfead1d7225c38f34f5ead7187"},
    {file = "scs-3.2.3-cp37-cp37m-macosx_10_9_x86_64.whl", hash = "sha256:91f5194cfabe354c9b1f0ea1de82114028d81c5a4a633177b8da2fe36f301758"},
    {file = "scs-3.2.3-cp37-cp37m-manylinux_2_17_x86_64.manylinux2014_x86_64.whl", hash = "sha256:c0d15f21e9053c5df37dab0d700da55fcc71f2f454748f364b9de594988b2ab3"},
    {file = "scs-3.2.3-cp37-cp37m-win_amd64.whl", hash = "sha256:6a80727167ad73151ced202a1ac6c0c7644b00b2e2607edec8a8807fc0443ac8"},
    {file = "scs-3.2.3-cp38-cp38-macosx_10_9_x86_64.whl", hash = "sha256:79d7d6c42ee636821460d317b8250945ce04363a47a63aef6b1eae0bd7a418fc"},
    {file = "scs-3.2.3-cp38-cp38-manylinux_2_17_x86_64.manylinux2014_x86_64.whl", hash = "sha256:e6f64d23247797cfa289095fb5ddea6eeff5adf98961e953da90233278827e0c"},
    {file = "scs-3.2.3-cp38-cp38-win_amd64.whl", hash = "sha256:9a14a7c80efb34b469eb4dbaf26a9104dd2ca93e477985f948d8f28cd4b1a2ba"},
    {file = "scs-3.2.3-cp39-cp39-macosx_10_9_x86_64.whl", hash = "sha256:3eb601738b260e3dcad117f3e02aceaca5d1e8eac2be225be1c0f9cbf83e75cb"},
    {file = "scs-3.2.3-cp39-cp39-manylinux_2_17_x86_64.manylinux2014_x86_64.whl", hash = "sha256:f1b24176de97ecedf698596086f85da6dad472fe38a4b21cf4b460f87cae2c37"},
    {file = "scs-3.2.3-cp39-cp39-win_amd64.whl", hash = "sha256:ddaa5af34a0e1f636d312eb1901bd407383f0b04dda50fba7242d56e618c0966"},
    {file = "scs-3.2.3.tar.gz", hash = "sha256:e3bd779e7e977e3ae5a2f2035aa4c2a309e29082d59a722d5d6592edc4bdb4b3"},
]

[package.dependencies]
numpy = ">=1.7"
scipy = ">=0.13.2"

[[package]]
name = "six"
version = "1.16.0"
description = "Python 2 and 3 compatibility utilities"
optional = false
python-versions = ">=2.7, !=3.0.*, !=3.1.*, !=3.2.*"
files = [
    {file = "six-1.16.0-py2.py3-none-any.whl", hash = "sha256:8abb2f1d86890a2dfb989f9a77cfcfd3e47c2a354b01111771326f8aa26e0254"},
    {file = "six-1.16.0.tar.gz", hash = "sha256:1e61c37477a1626458e36f7b1d82aa5c9b094fa4802892072e49de9c60c4c926"},
]

[[package]]
name = "tomli"
version = "2.0.1"
description = "A lil' TOML parser"
optional = false
python-versions = ">=3.7"
files = [
    {file = "tomli-2.0.1-py3-none-any.whl", hash = "sha256:939de3e7a6161af0c887ef91b7d41a53e7c5a1ca976325f429cb46ea9bc30ecc"},
    {file = "tomli-2.0.1.tar.gz", hash = "sha256:de526c12914f0c550d15924c62d72abc48d6fe7364aa87328337a31007fe8a4f"},
]

[[package]]
name = "tzdata"
version = "2023.3"
description = "Provider of IANA time zone data"
optional = false
python-versions = ">=2"
files = [
    {file = "tzdata-2023.3-py2.py3-none-any.whl", hash = "sha256:7e65763eef3120314099b6939b5546db7adce1e7d6f2e179e3df563c70511eda"},
    {file = "tzdata-2023.3.tar.gz", hash = "sha256:11ef1e08e54acb0d4f95bdb1be05da659673de4acbd21bf9c69e94cc5e907a3a"},
]

[metadata]
lock-version = "2.0"
python-versions = ">=3.9,<3.12"
content-hash = "677cf20cce6dc326505462d942cda82cf0a8fc560b6c39787241d73b49746a1c"
